
Microsoft Visual Studio Solution File, Format Version 12.00
# Visual Studio Version 17
VisualStudioVersion = 17.0.31903.59
MinimumVisualStudioVersion = 10.0.40219.1
Project("{FAE04EC0-301F-11D3-BF4B-00C04F79EFBC}") = "Nemonuri.Beliefs.Common.Tests", "Nemonuri.Beliefs.Common.Tests\Nemonuri.Beliefs.Common.Tests.csproj", "{9796E262-E0EF-474E-9756-7FBE18035B01}"
EndProject
Project("{FAE04EC0-301F-11D3-BF4B-00C04F79EFBC}") = "Nemonuri.Beliefs.Common", "..\src\Nemonuri.Beliefs.Common\Nemonuri.Beliefs.Common.csproj", "{FAAF775F-3D56-4269-AF56-525ECA3B10AD}"
EndProject
Global
	GlobalSection(SolutionConfigurationPlatforms) = preSolution
		Debug|Any CPU = Debug|Any CPU
		Release|Any CPU = Release|Any CPU
	EndGlobalSection
	GlobalSection(SolutionProperties) = preSolution
		HideSolutionNode = FALSE
	EndGlobalSection
	GlobalSection(ProjectConfigurationPlatforms) = postSolution
		{9796E262-E0EF-474E-9756-7FBE18035B01}.Debug|Any CPU.ActiveCfg = Debug|Any CPU
		{9796E262-E0EF-474E-9756-7FBE18035B01}.Debug|Any CPU.Build.0 = Debug|Any CPU
		{9796E262-E0EF-474E-9756-7FBE18035B01}.Release|Any CPU.ActiveCfg = Release|Any CPU
		{9796E262-E0EF-474E-9756-7FBE18035B01}.Release|Any CPU.Build.0 = Release|Any CPU
		{FAAF775F-3D56-4269-AF56-525ECA3B10AD}.Debug|Any CPU.ActiveCfg = Debug|Any CPU
		{FAAF775F-3D56-4269-AF56-525ECA3B10AD}.Debug|Any CPU.Build.0 = Debug|Any CPU
		{FAAF775F-3D56-4269-AF56-525ECA3B10AD}.Release|Any CPU.ActiveCfg = Release|Any CPU
		{FAAF775F-3D56-4269-AF56-525ECA3B10AD}.Release|Any CPU.Build.0 = Release|Any CPU
	EndGlobalSection
EndGlobal
