
Microsoft Visual Studio Solution File, Format Version 12.00
# Visual Studio Version 17
VisualStudioVersion = 17.0.31903.59
MinimumVisualStudioVersion = 10.0.40219.1
Project("{FAE04EC0-301F-11D3-BF4B-00C04F79EFBC}") = "Nemonuri.Beliefs.Samples", "Nemonuri.Beliefs.Samples\Nemonuri.Beliefs.Samples.csproj", "{0ACC471B-0372-46AA-AC55-47D4067533A0}"
EndProject
Project("{FAE04EC0-301F-11D3-BF4B-00C04F79EFBC}") = "Nemonuri.Beliefs.Common", "..\src\Nemonuri.Beliefs.Common\Nemonuri.Beliefs.Common.csproj", "{1A262BCD-2734-4458-8374-7A5DBB2CE86F}"
EndProject
Global
	GlobalSection(SolutionConfigurationPlatforms) = preSolution
		Debug|Any CPU = Debug|Any CPU
		Release|Any CPU = Release|Any CPU
	EndGlobalSection
	GlobalSection(SolutionProperties) = preSolution
		HideSolutionNode = FALSE
	EndGlobalSection
	GlobalSection(ProjectConfigurationPlatforms) = postSolution
		{0ACC471B-0372-46AA-AC55-47D4067533A0}.Debug|Any CPU.ActiveCfg = Debug|Any CPU
		{0ACC471B-0372-46AA-AC55-47D4067533A0}.Debug|Any CPU.Build.0 = Debug|Any CPU
		{0ACC471B-0372-46AA-AC55-47D4067533A0}.Release|Any CPU.ActiveCfg = Release|Any CPU
		{0ACC471B-0372-46AA-AC55-47D4067533A0}.Release|Any CPU.Build.0 = Release|Any CPU
		{1A262BCD-2734-4458-8374-7A5DBB2CE86F}.Debug|Any CPU.ActiveCfg = Debug|Any CPU
		{1A262BCD-2734-4458-8374-7A5DBB2CE86F}.Debug|Any CPU.Build.0 = Debug|Any CPU
		{1A262BCD-2734-4458-8374-7A5DBB2CE86F}.Release|Any CPU.ActiveCfg = Release|Any CPU
		{1A262BCD-2734-4458-8374-7A5DBB2CE86F}.Release|Any CPU.Build.0 = Release|Any CPU
	EndGlobalSection
EndGlobal
