
Microsoft Visual Studio Solution File, Format Version 12.00
# Visual Studio Version 17
VisualStudioVersion = 17.0.31903.59
MinimumVisualStudioVersion = 10.0.40219.1
Project("{FAE04EC0-301F-11D3-BF4B-00C04F79EFBC}") = "Nemonuri.Ordinals.Tensors", "Nemonuri.Ordinals.Tensors\Nemonuri.Ordinals.Tensors.csproj", "{1D1EF723-CEB9-4042-90D8-6172EA5DD0E5}"
EndProject
Project("{FAE04EC0-301F-11D3-BF4B-00C04F79EFBC}") = "Nemonuri.ManagedPointers.Tensors", "Nemonuri.ManagedPointers.Tensors\Nemonuri.ManagedPointers.Tensors.csproj", "{64081614-BBA8-4D57-B0B7-D3FB5F9AA131}"
EndProject
Global
	GlobalSection(SolutionConfigurationPlatforms) = preSolution
		Debug|Any CPU = Debug|Any CPU
		Release|Any CPU = Release|Any CPU
	EndGlobalSection
	GlobalSection(ProjectConfigurationPlatforms) = postSolution
		{1D1EF723-CEB9-4042-90D8-6172EA5DD0E5}.Debug|Any CPU.ActiveCfg = Debug|Any CPU
		{1D1EF723-CEB9-4042-90D8-6172EA5DD0E5}.Debug|Any CPU.Build.0 = Debug|Any CPU
		{1D1EF723-CEB9-4042-90D8-6172EA5DD0E5}.Release|Any CPU.ActiveCfg = Release|Any CPU
		{1D1EF723-CEB9-4042-90D8-6172EA5DD0E5}.Release|Any CPU.Build.0 = Release|Any CPU
		{64081614-BBA8-4D57-B0B7-D3FB5F9AA131}.Debug|Any CPU.ActiveCfg = Debug|Any CPU
		{64081614-BBA8-4D57-B0B7-D3FB5F9AA131}.Debug|Any CPU.Build.0 = Debug|Any CPU
		{64081614-BBA8-4D57-B0B7-D3FB5F9AA131}.Release|Any CPU.ActiveCfg = Release|Any CPU
		{64081614-BBA8-4D57-B0B7-D3FB5F9AA131}.Release|Any CPU.Build.0 = Release|Any CPU
	EndGlobalSection
	GlobalSection(SolutionProperties) = preSolution
		HideSolutionNode = FALSE
	EndGlobalSection
EndGlobal
